
Microsoft Visual Studio Solution File, Format Version 12.00
# Visual Studio Version 17
VisualStudioVersion = 17.5.33424.131
MinimumVisualStudioVersion = 10.0.40219.1
Project("{8BC9CEB8-8B4A-11D0-8D11-00A0C91BC942}") = "Grundlagen_Cpp", "Grundlagen_Cpp\Grundlagen_Cpp.vcxproj", "{7CF799D2-FB67-4AF1-B657-1DC501D48BF7}"
EndProject
Project("{2150E333-8FDC-42A3-9474-1A3956D46DE8}") = "Solution Items", "Solution Items", "{453675EE-FABF-4C97-8A0D-90F038ADDA8A}"
	ProjectSection(SolutionItems) = preProject
		Agenda.txt = Agenda.txt
		Defrag.png = Defrag.png
		Kopier_Problematik.png = Kopier_Problematik.png
		Notizzettel_Dienstag.txt = Notizzettel_Dienstag.txt
		Pointer.png = Pointer.png
		Notizzettel_Montag.txt = Notizzettel_Montag.txt
		ReferencesCompared.png = ReferencesCompared.png
		Referfences01.png = Referfences01.png
		StackVsHeap.png = StackVsHeap.png
		Swap_01.png = Swap_01.png
		Swap_02.png = Swap_02.png
		Wertzuweisung.png = Wertzuweisung.png
	EndProjectSection
EndProject
Global
	GlobalSection(SolutionConfigurationPlatforms) = preSolution
		Debug|x64 = Debug|x64
		Debug|x86 = Debug|x86
		Release|x64 = Release|x64
		Release|x86 = Release|x86
	EndGlobalSection
	GlobalSection(ProjectConfigurationPlatforms) = postSolution
		{7CF799D2-FB67-4AF1-B657-1DC501D48BF7}.Debug|x64.ActiveCfg = Debug|x64
		{7CF799D2-FB67-4AF1-B657-1DC501D48BF7}.Debug|x64.Build.0 = Debug|x64
		{7CF799D2-FB67-4AF1-B657-1DC501D48BF7}.Debug|x86.ActiveCfg = Debug|Win32
		{7CF799D2-FB67-4AF1-B657-1DC501D48BF7}.Debug|x86.Build.0 = Debug|Win32
		{7CF799D2-FB67-4AF1-B657-1DC501D48BF7}.Release|x64.ActiveCfg = Release|x64
		{7CF799D2-FB67-4AF1-B657-1DC501D48BF7}.Release|x64.Build.0 = Release|x64
		{7CF799D2-FB67-4AF1-B657-1DC501D48BF7}.Release|x86.ActiveCfg = Release|Win32
		{7CF799D2-FB67-4AF1-B657-1DC501D48BF7}.Release|x86.Build.0 = Release|Win32
	EndGlobalSection
	GlobalSection(SolutionProperties) = preSolution
		HideSolutionNode = FALSE
	EndGlobalSection
	GlobalSection(ExtensibilityGlobals) = postSolution
		SolutionGuid = {8976EDE4-A7DF-4223-A8CC-3275A1DA96EC}
	EndGlobalSection
EndGlobal
